<?xml version="1.0" encoding="utf-8"?>
<Project ToolsVersion="4.0" xmlns="http://schemas.microsoft.com/developer/msbuild/2003">
  <ItemGroup>
    <Filter Include="Source Files">
      <UniqueIdentifier>{4FC737F1-C7A5-4376-A066-2A32D752A2FF}</UniqueIdentifier>
      <Extensions>cpp;c;cc;cxx;c++;cppm;ixx;def;odl;idl;hpj;bat;asm;asmx</Extensions>
    </Filter>
    <Filter Include="Header Files">
      <UniqueIdentifier>{93995380-89BD-4b04-88EB-625FBE52EBFB}</UniqueIdentifier>
      <Extensions>h;hh;hpp;hxx;h++;hm;inl;inc;ipp;xsd</Extensions>
    </Filter>
    <Filter Include="Resource Files">
      <UniqueIdentifier>{67DA6AB6-F800-4c08-8B7A-83BB121AAD01}</UniqueIdentifier>
      <Extensions>rc;ico;cur;bmp;dlg;rc2;rct;bin;rgs;gif;jpg;jpeg;jpe;resx;tiff;tif;png;wav;mfcribbon-ms</Extensions>
    </Filter>
    <Filter Include="Source Files\Handlers">
      <UniqueIdentifier>{a52108a2-cf4c-43ba-a3ac-05a783f0b4e3}</UniqueIdentifier>
    </Filter>
    <Filter Include="Source Files\Managers">
      <UniqueIdentifier>{95fcaf0f-b431-48e4-85dc-9957dcf2dd1b}</UniqueIdentifier>
    </Filter>
    <Filter Include="Source Files\Infrastructure">
      <UniqueIdentifier>{60472546-0734-4a58-8c35-8767356befee}</UniqueIdentifier>
    </Filter>
    <Filter Include="Source Files\DataBase">
      <UniqueIdentifier>{0b9f9c07-cd34-44f8-89c2-cd20287b90ba}</UniqueIdentifier>
    </Filter>
    <Filter Include="Header Files\Handlers">
      <UniqueIdentifier>{bcc8d9b7-0e1a-42f4-bf14-181ccdbb7ceb}</UniqueIdentifier>
    </Filter>
    <Filter Include="Header Files\Managers">
      <UniqueIdentifier>{b48f05e4-6fca-4790-a32d-56918fdb013c}</UniqueIdentifier>
    </Filter>
    <Filter Include="Header Files\Infrastructure">
      <UniqueIdentifier>{6bef938a-2851-4c78-9273-05e8048f321d}</UniqueIdentifier>
    </Filter>
    <Filter Include="Header Files\DataBase">
      <UniqueIdentifier>{3139ea12-5660-4330-a206-bb27399509ab}</UniqueIdentifier>
    </Filter>
    <Filter Include="Header Files\Definitions">
      <UniqueIdentifier>{00a39026-42f4-491d-87c0-bfc32b3442a9}</UniqueIdentifier>
    </Filter>
    <Filter Include="Header Files\External Libraries">
      <UniqueIdentifier>{9d8de394-c520-4c8e-9ddf-a7633caa06fb}</UniqueIdentifier>
    </Filter>
  </ItemGroup>
  <ItemGroup>
    <ClCompile Include="Main.cpp">
      <Filter>Source Files</Filter>
    </ClCompile>
    <ClCompile Include="LoginRequestHandler.cpp">
      <Filter>Source Files\Handlers</Filter>
    </ClCompile>
    <ClCompile Include="MenuRequestHandler.cpp">
      <Filter>Source Files\Handlers</Filter>
    </ClCompile>
    <ClCompile Include="LoginManager.cpp">
      <Filter>Source Files\Managers</Filter>
    </ClCompile>
    <ClCompile Include="RoomManager.cpp">
      <Filter>Source Files\Managers</Filter>
    </ClCompile>
    <ClCompile Include="StatisticsManager.cpp">
      <Filter>Source Files\Managers</Filter>
    </ClCompile>
    <ClCompile Include="sqlite3.c">
      <Filter>Source Files\DataBase</Filter>
    </ClCompile>
    <ClCompile Include="SqliteDatabase.cpp">
      <Filter>Source Files\DataBase</Filter>
    </ClCompile>
    <ClCompile Include="Server.cpp">
      <Filter>Source Files\Infrastructure</Filter>
    </ClCompile>
    <ClCompile Include="Communicator.cpp">
      <Filter>Source Files\Infrastructure</Filter>
    </ClCompile>
    <ClCompile Include="JsonRequestPacketDeserializer.cpp">
      <Filter>Source Files\Infrastructure</Filter>
    </ClCompile>
    <ClCompile Include="JsonResponsePacketSerializer.cpp">
      <Filter>Source Files\Infrastructure</Filter>
    </ClCompile>
    <ClCompile Include="LoggedUser.cpp">
      <Filter>Source Files\Managers</Filter>
    </ClCompile>
    <ClCompile Include="Room.cpp">
      <Filter>Source Files\Managers</Filter>
    </ClCompile>
    <ClCompile Include="Questionnaire.cpp">
      <Filter>Source Files\DataBase</Filter>
    </ClCompile>
    <ClCompile Include="RequestHandlerFactory.cpp">
      <Filter>Source Files\Handlers</Filter>
    </ClCompile>
    <ClCompile Include="RoomAdminRequestHandler.cpp">
      <Filter>Source Files\Handlers</Filter>
    </ClCompile>
  </ItemGroup>
  <ItemGroup>
    <ClInclude Include="Communicator.h">
      <Filter>Header Files\Infrastructure</Filter>
    </ClInclude>
    <ClInclude Include="IRequestHandler.h">
      <Filter>Header Files\Handlers</Filter>
    </ClInclude>
    <ClInclude Include="JsonRequestPacketDeserializer.h">
      <Filter>Header Files\Infrastructure</Filter>
    </ClInclude>
    <ClInclude Include="JsonResponsePacketSerializer.h">
      <Filter>Header Files\Infrastructure</Filter>
    </ClInclude>
    <ClInclude Include="LoginManager.h">
      <Filter>Header Files\Managers</Filter>
    </ClInclude>
    <ClInclude Include="LoginRequestHandler.h">
      <Filter>Header Files\Handlers</Filter>
    </ClInclude>
    <ClInclude Include="MenuRequestHandler.h">
      <Filter>Header Files\Handlers</Filter>
    </ClInclude>
    <ClInclude Include="Questionnaire.h">
      <Filter>Header Files\DataBase</Filter>
    </ClInclude>
    <ClInclude Include="RequestHandlerFactory.h">
      <Filter>Header Files\Handlers</Filter>
    </ClInclude>
    <ClInclude Include="Room.h">
      <Filter>Header Files\Managers</Filter>
    </ClInclude>
    <ClInclude Include="Server.h">
      <Filter>Header Files\Managers</Filter>
    </ClInclude>
    <ClInclude Include="sqlite3.h">
      <Filter>Header Files\DataBase</Filter>
    </ClInclude>
    <ClInclude Include="StatisticsManager.h">
      <Filter>Header Files\Managers</Filter>
    </ClInclude>
    <ClInclude Include="LoggedUser.h">
      <Filter>Header Files\Managers</Filter>
    </ClInclude>
    <ClInclude Include="IDatabase.h">
      <Filter>Header Files\DataBase</Filter>
    </ClInclude>
    <ClInclude Include="RoomManager.h">
      <Filter>Header Files\Managers</Filter>
    </ClInclude>
    <ClInclude Include="ProtocolStructures.h">
      <Filter>Header Files\Definitions</Filter>
    </ClInclude>
    <ClInclude Include="StatusCodes.h">
      <Filter>Header Files\Definitions</Filter>
    </ClInclude>
    <ClInclude Include="json.hpp">
      <Filter>Header Files\External Libraries</Filter>
    </ClInclude>
    <ClInclude Include="SqliteDatabase.h">
      <Filter>Header Files\DataBase</Filter>
    </ClInclude>
    <ClInclude Include="RoomAdminRequestHandler.h">
      <Filter>Header Files\Handlers</Filter>
    </ClInclude>
  </ItemGroup>
  <ItemGroup>
    <None Include="packages.config" />
  </ItemGroup>
</Project>